
Microsoft Visual Studio Solution File, Format Version 12.00
# Visual Studio Version 16
VisualStudioVersion = 16.0.30114.105
MinimumVisualStudioVersion = 10.0.40219.1
Project("{FAE04EC0-301F-11D3-BF4B-00C04F79EFBC}") = "testClass", "testClass.csproj", "{D123EB25-C801-4008-BE11-7827A135E19D}"
EndProject
Global
	GlobalSection(SolutionConfigurationPlatforms) = preSolution
		Debug|Any CPU = Debug|Any CPU
		Release|Any CPU = Release|Any CPU
	EndGlobalSection
	GlobalSection(ProjectConfigurationPlatforms) = postSolution
		{D123EB25-C801-4008-BE11-7827A135E19D}.Debug|Any CPU.ActiveCfg = Debug|Any CPU
		{D123EB25-C801-4008-BE11-7827A135E19D}.Debug|Any CPU.Build.0 = Debug|Any CPU
		{D123EB25-C801-4008-BE11-7827A135E19D}.Release|Any CPU.ActiveCfg = Release|Any CPU
		{D123EB25-C801-4008-BE11-7827A135E19D}.Release|Any CPU.Build.0 = Release|Any CPU
	EndGlobalSection
	GlobalSection(SolutionProperties) = preSolution
		HideSolutionNode = FALSE
	EndGlobalSection
	GlobalSection(ExtensibilityGlobals) = postSolution
		SolutionGuid = {23A2FF0C-07D8-48E8-8BD6-E8D333C0A159}
	EndGlobalSection
EndGlobal
